
Microsoft Visual Studio Solution File, Format Version 12.00
# Visual Studio Version 17
VisualStudioVersion = 17.2.32630.192
MinimumVisualStudioVersion = 10.0.40219.1
Project("{00D1A9C2-B5F0-4AF3-8072-F6C62B433612}") = "Database1", "Database1\Database1.sqlproj", "{D2A92BF0-9A73-43FE-BF4B-114AD74864D7}"
EndProject
Global
	GlobalSection(SolutionConfigurationPlatforms) = preSolution
		Debug|Any CPU = Debug|Any CPU
		Release|Any CPU = Release|Any CPU
	EndGlobalSection
	GlobalSection(ProjectConfigurationPlatforms) = postSolution
		{D2A92BF0-9A73-43FE-BF4B-114AD74864D7}.Debug|Any CPU.ActiveCfg = Debug|Any CPU
		{D2A92BF0-9A73-43FE-BF4B-114AD74864D7}.Debug|Any CPU.Build.0 = Debug|Any CPU
		{D2A92BF0-9A73-43FE-BF4B-114AD74864D7}.Debug|Any CPU.Deploy.0 = Debug|Any CPU
		{D2A92BF0-9A73-43FE-BF4B-114AD74864D7}.Release|Any CPU.ActiveCfg = Release|Any CPU
		{D2A92BF0-9A73-43FE-BF4B-114AD74864D7}.Release|Any CPU.Build.0 = Release|Any CPU
		{D2A92BF0-9A73-43FE-BF4B-114AD74864D7}.Release|Any CPU.Deploy.0 = Release|Any CPU
	EndGlobalSection
	GlobalSection(SolutionProperties) = preSolution
		HideSolutionNode = FALSE
	EndGlobalSection
	GlobalSection(ExtensibilityGlobals) = postSolution
		SolutionGuid = {973A21A1-E05E-4281-BEC2-B46A2152114F}
	EndGlobalSection
EndGlobal
